
Microsoft Visual Studio Solution File, Format Version 12.00
# Visual Studio 2012
Project("{FAE04EC0-301F-11D3-BF4B-00C04F79EFBC}") = "AutoBugStatistics", "AutoBugStatistics\AutoBugStatistics.csproj", "{DF574AC2-D0E1-4907-8073-F89937F8272D}"
EndProject
Global
	GlobalSection(SolutionConfigurationPlatforms) = preSolution
		Debug|Any CPU = Debug|Any CPU
		Release|Any CPU = Release|Any CPU
	EndGlobalSection
	GlobalSection(ProjectConfigurationPlatforms) = postSolution
		{DF574AC2-D0E1-4907-8073-F89937F8272D}.Debug|Any CPU.ActiveCfg = Debug|Any CPU
		{DF574AC2-D0E1-4907-8073-F89937F8272D}.Debug|Any CPU.Build.0 = Debug|Any CPU
		{DF574AC2-D0E1-4907-8073-F89937F8272D}.Release|Any CPU.ActiveCfg = Release|Any CPU
		{DF574AC2-D0E1-4907-8073-F89937F8272D}.Release|Any CPU.Build.0 = Release|Any CPU
	EndGlobalSection
	GlobalSection(SolutionProperties) = preSolution
		HideSolutionNode = FALSE
	EndGlobalSection
EndGlobal
